// !$*UTF8*$!
{
	archiveVersion = 1;
	classes = {
	};
	objectVersion = 46;
	objects = {

/* Begin PBXBuildFile section */
		3F642FD51C18D41A004A7C8D /* AppDelegate.swift in Sources */ = {isa = PBXBuildFile; fileRef = 3F642FD41C18D41A004A7C8D /* AppDelegate.swift */; };
		3F642FD71C18D41A004A7C8D /* ViewController.swift in Sources */ = {isa = PBXBuildFile; fileRef = 3F642FD61C18D41A004A7C8D /* ViewController.swift */; };
		3F642FDA1C18D41A004A7C8D /* Main.storyboard in Resources */ = {isa = PBXBuildFile; fileRef = 3F642FD81C18D41A004A7C8D /* Main.storyboard */; };
		3F642FDC1C18D41A004A7C8D /* Images.xcassets in Resources */ = {isa = PBXBuildFile; fileRef = 3F642FDB1C18D41A004A7C8D /* Images.xcassets */; };
		3F642FDF1C18D41A004A7C8D /* LaunchScreen.xib in Resources */ = {isa = PBXBuildFile; fileRef = 3F642FDD1C18D41A004A7C8D /* LaunchScreen.xib */; };
		3F642FEB1C18D41A004A7C8D /* marpu_d2Tests.swift in Sources */ = {isa = PBXBuildFile; fileRef = 3F642FEA1C18D41A004A7C8D /* marpu_d2Tests.swift */; };
/* End PBXBuildFile section */

/* Begin PBXContainerItemProxy section */
		3F642FE51C18D41A004A7C8D /* PBXContainerItemProxy */ = {
			isa = PBXContainerItemProxy;
			containerPortal = 3F642FC71C18D41A004A7C8D /* Project object */;
			proxyType = 1;
			remoteGlobalIDString = 3F642FCE1C18D41A004A7C8D;
			remoteInfo = "marpu-d2";
		};
/* End PBXContainerItemProxy section */

/* Begin PBXFileReference section */
		3F642FCF1C18D41A004A7C8D /* marpu-d2.app */ = {isa = PBXFileReference; explicitFileType = wrapper.application; includeInIndex = 0; path = "marpu-d2.app"; sourceTree = BUILT_PRODUCTS_DIR; };
		3F642FD31C18D41A004A7C8D /* Info.plist */ = {isa = PBXFileReference; lastKnownFileType = text.plist.xml; path = Info.plist; sourceTree = "<group>"; };
		3F642FD41C18D41A004A7C8D /* AppDelegate.swift */ = {isa = PBXFileReference; lastKnownFileType = sourcecode.swift; path = AppDelegate.swift; sourceTree = "<group>"; };
		3F642FD61C18D41A004A7C8D /* ViewController.swift */ = {isa = PBXFileReference; lastKnownFileType = sourcecode.swift; path = ViewController.swift; sourceTree = "<group>"; };
		3F642FD91C18D41A004A7C8D /* Base */ = {isa = PBXFileReference; lastKnownFileType = file.storyboard; name = Base; path = Base.lproj/Main.storyboard; sourceTree = "<group>"; };
		3F642FDB1C18D41A004A7C8D /* Images.xcassets */ = {isa = PBXFileReference; lastKnownFileType = folder.assetcatalog; path = Images.xcassets; sourceTree = "<group>"; };
		3F642FDE1C18D41A004A7C8D /* Base */ = {isa = PBXFileReference; lastKnownFileType = file.xib; name = Base; path = Base.lproj/LaunchScreen.xib; sourceTree = "<group>"; };
		3F642FE41C18D41A004A7C8D /* marpu-d2Tests.xctest */ = {isa = PBXFileReference; explicitFileType = wrapper.cfbundle; includeInIndex = 0; path = "marpu-d2Tests.xctest"; sourceTree = BUILT_PRODUCTS_DIR; };
		3F642FE91C18D41A004A7C8D /* Info.plist */ = {isa = PBXFileReference; lastKnownFileType = text.plist.xml; path = Info.plist; sourceTree = "<group>"; };
		3F642FEA1C18D41A004A7C8D /* marpu_d2Tests.swift */ = {isa = PBXFileReference; lastKnownFileType = sourcecode.swift; path = marpu_d2Tests.swift; sourceTree = "<group>"; };
/* End PBXFileReference section */

/* Begin PBXFrameworksBuildPhase section */
		3F642FCC1C18D41A004A7C8D /* Frameworks */ = {
			isa = PBXFrameworksBuildPhase;
			buildActionMask = 2147483647;
			files = (
			);
			runOnlyForDeploymentPostprocessing = 0;
		};
		3F642FE11C18D41A004A7C8D /* Frameworks */ = {
			isa = PBXFrameworksBuildPhase;
			buildActionMask = 2147483647;
			files = (
			);
			runOnlyForDeploymentPostprocessing = 0;
		};
/* End PBXFrameworksBuildPhase section */

/* Begin PBXGroup section */
		3F642FC61C18D41A004A7C8D = {
			isa = PBXGroup;
			children = (
				3F642FD11C18D41A004A7C8D /* marpu-d2 */,
				3F642FE71C18D41A004A7C8D /* marpu-d2Tests */,
				3F642FD01C18D41A004A7C8D /* Products */,
			);
			sourceTree = "<group>";
		};
		3F642FD01C18D41A004A7C8D /* Products */ = {
			isa = PBXGroup;
			children = (
				3F642FCF1C18D41A004A7C8D /* marpu-d2.app */,
				3F642FE41C18D41A004A7C8D /* marpu-d2Tests.xctest */,
			);
			name = Products;
			sourceTree = "<group>";
		};
		3F642FD11C18D41A004A7C8D /* marpu-d2 */ = {
			isa = PBXGroup;
			children = (
				3F642FD41C18D41A004A7C8D /* AppDelegate.swift */,
				3F642FD61C18D41A004A7C8D /* ViewController.swift */,
				3F642FD81C18D41A004A7C8D /* Main.storyboard */,
				3F642FDB1C18D41A004A7C8D /* Images.xcassets */,
				3F642FDD1C18D41A004A7C8D /* LaunchScreen.xib */,
				3F642FD21C18D41A004A7C8D /* Supporting Files */,
			);
			path = "marpu-d2";
			sourceTree = "<group>";
		};
		3F642FD21C18D41A004A7C8D /* Supporting Files */ = {
			isa = PBXGroup;
			children = (
				3F642FD31C18D41A004A7C8D /* Info.plist */,
			);
			name = "Supporting Files";
			sourceTree = "<group>";
		};
		3F642FE71C18D41A004A7C8D /* marpu-d2Tests */ = {
			isa = PBXGroup;
			children = (
				3F642FEA1C18D41A004A7C8D /* marpu_d2Tests.swift */,
				3F642FE81C18D41A004A7C8D /* Supporting Files */,
			);
			path = "marpu-d2Tests";
			sourceTree = "<group>";
		};
		3F642FE81C18D41A004A7C8D /* Supporting Files */ = {
			isa = PBXGroup;
			children = (
				3F642FE91C18D41A004A7C8D /* Info.plist */,
			);
			name = "Supporting Files";
			sourceTree = "<group>";
		};
/* End PBXGroup section */

/* Begin PBXNativeTarget section */
		3F642FCE1C18D41A004A7C8D /* marpu-d2 */ = {
			isa = PBXNativeTarget;
			buildConfigurationList = 3F642FEE1C18D41A004A7C8D /* Build configuration list for PBXNativeTarget "marpu-d2" */;
			buildPhases = (
				3F642FCB1C18D41A004A7C8D /* Sources */,
				3F642FCC1C18D41A004A7C8D /* Frameworks */,
				3F642FCD1C18D41A004A7C8D /* Resources */,
			);
			buildRules = (
			);
			dependencies = (
			);
			name = "marpu-d2";
			productName = "marpu-d2";
			productReference = 3F642FCF1C18D41A004A7C8D /* marpu-d2.app */;
			productType = "com.apple.product-type.application";
		};
		3F642FE31C18D41A004A7C8D /* marpu-d2Tests */ = {
			isa = PBXNativeTarget;
			buildConfigurationList = 3F642FF11C18D41A004A7C8D /* Build configuration list for PBXNativeTarget "marpu-d2Tests" */;
			buildPhases = (
				3F642FE01C18D41A004A7C8D /* Sources */,
				3F642FE11C18D41A004A7C8D /* Frameworks */,
				3F642FE21C18D41A004A7C8D /* Resources */,
			);
			buildRules = (
			);
			dependencies = (
				3F642FE61C18D41A004A7C8D /* PBXTargetDependency */,
			);
			name = "marpu-d2Tests";
			productName = "marpu-d2Tests";
			productReference = 3F642FE41C18D41A004A7C8D /* marpu-d2Tests.xctest */;
			productType = "com.apple.product-type.bundle.unit-test";
		};
/* End PBXNativeTarget section */

/* Begin PBXProject section */
		3F642FC71C18D41A004A7C8D /* Project object */ = {
			isa = PBXProject;
			attributes = {
				LastUpgradeCheck = 0610;
				ORGANIZATIONNAME = "Mari Miyachi";
				TargetAttributes = {
					3F642FCE1C18D41A004A7C8D = {
						CreatedOnToolsVersion = 6.1;
					};
					3F642FE31C18D41A004A7C8D = {
						CreatedOnToolsVersion = 6.1;
						TestTargetID = 3F642FCE1C18D41A004A7C8D;
					};
				};
			};
			buildConfigurationList = 3F642FCA1C18D41A004A7C8D /* Build configuration list for PBXProject "marpu-d2" */;
			compatibilityVersion = "Xcode 3.2";
			developmentRegion = English;
			hasScannedForEncodings = 0;
			knownRegions = (
				en,
				Base,
			);
			mainGroup = 3F642FC61C18D41A004A7C8D;
			productRefGroup = 3F642FD01C18D41A004A7C8D /* Products */;
			projectDirPath = "";
			projectRoot = "";
			targets = (
				3F642FCE1C18D41A004A7C8D /* marpu-d2 */,
				3F642FE31C18D41A004A7C8D /* marpu-d2Tests */,
			);
		};
/* End PBXProject section */

/* Begin PBXResourcesBuildPhase section */
		3F642FCD1C18D41A004A7C8D /* Resources */ = {
			isa = PBXResourcesBuildPhase;
			buildActionMask = 2147483647;
			files = (
				3F642FDA1C18D41A004A7C8D /* Main.storyboard in Resources */,
				3F642FDF1C18D41A004A7C8D /* LaunchScreen.xib in Resources */,
				3F642FDC1C18D41A004A7C8D /* Images.xcassets in Resources */,
			);
			runOnlyForDeploymentPostprocessing = 0;
		};
		3F642FE21C18D41A004A7C8D /* Resources */ = {
			isa = PBXResourcesBuildPhase;
			buildActionMask = 2147483647;
			files = (
			);
			runOnlyForDeploymentPostprocessing = 0;
		};
/* End PBXResourcesBuildPhase section */

/* Begin PBXSourcesBuildPhase section */
		3F642FCB1C18D41A004A7C8D /* Sources */ = {
			isa = PBXSourcesBuildPhase;
			buildActionMask = 2147483647;
			files = (
				3F642FD71C18D41A004A7C8D /* ViewController.swift in Sources */,
				3F642FD51C18D41A004A7C8D /* AppDelegate.swift in Sources */,
			);
			runOnlyForDeploymentPostprocessing = 0;
		};
		3F642FE01C18D41A004A7C8D /* Sources */ = {
			isa = PBXSourcesBuildPhase;
			buildActionMask = 2147483647;
			files = (
				3F642FEB1C18D41A004A7C8D /* marpu_d2Tests.swift in Sources */,
			);
			runOnlyForDeploymentPostprocessing = 0;
		};
/* End PBXSourcesBuildPhase section */

/* Begin PBXTargetDependency section */
		3F642FE61C18D41A004A7C8D /* PBXTargetDependency */ = {
			isa = PBXTargetDependency;
			target = 3F642FCE1C18D41A004A7C8D /* marpu-d2 */;
			targetProxy = 3F642FE51C18D41A004A7C8D /* PBXContainerItemProxy */;
		};
/* End PBXTargetDependency section */

/* Begin PBXVariantGroup section */
		3F642FD81C18D41A004A7C8D /* Main.storyboard */ = {
			isa = PBXVariantGroup;
			children = (
				3F642FD91C18D41A004A7C8D /* Base */,
			);
			name = Main.storyboard;
			sourceTree = "<group>";
		};
		3F642FDD1C18D41A004A7C8D /* LaunchScreen.xib */ = {
			isa = PBXVariantGroup;
			children = (
				3F642FDE1C18D41A004A7C8D /* Base */,
			);
			name = LaunchScreen.xib;
			sourceTree = "<group>";
		};
/* End PBXVariantGroup section */

/* Begin XCBuildConfiguration section */
		3F642FEC1C18D41A004A7C8D /* Debug */ = {
			isa = XCBuildConfiguration;
			buildSettings = {
				ALWAYS_SEARCH_USER_PATHS = NO;
				CLANG_CXX_LANGUAGE_STANDARD = "gnu++0x";
				CLANG_CXX_LIBRARY = "libc++";
				CLANG_ENABLE_MODULES = YES;
				CLANG_ENABLE_OBJC_ARC = YES;
				CLANG_WARN_BOOL_CONVERSION = YES;
				CLANG_WARN_CONSTANT_CONVERSION = YES;
				CLANG_WARN_DIRECT_OBJC_ISA_USAGE = YES_ERROR;
				CLANG_WARN_EMPTY_BODY = YES;
				CLANG_WARN_ENUM_CONVERSION = YES;
				CLANG_WARN_INT_CONVERSION = YES;
				CLANG_WARN_OBJC_ROOT_CLASS = YES_ERROR;
				CLANG_WARN_UNREACHABLE_CODE = YES;
				CLANG_WARN__DUPLICATE_METHOD_MATCH = YES;
				"CODE_SIGN_IDENTITY[sdk=iphoneos*]" = "iPhone Developer";
				COPY_PHASE_STRIP = NO;
				ENABLE_STRICT_OBJC_MSGSEND = YES;
				GCC_C_LANGUAGE_STANDARD = gnu99;
				GCC_DYNAMIC_NO_PIC = NO;
				GCC_OPTIMIZATION_LEVEL = 0;
				GCC_PREPROCESSOR_DEFINITIONS = (
					"DEBUG=1",
					"$(inherited)",
				);
				GCC_SYMBOLS_PRIVATE_EXTERN = NO;
				GCC_WARN_64_TO_32_BIT_CONVERSION = YES;
				GCC_WARN_ABOUT_RETURN_TYPE = YES_ERROR;
				GCC_WARN_UNDECLARED_SELECTOR = YES;
				GCC_WARN_UNINITIALIZED_AUTOS = YES_AGGRESSIVE;
				GCC_WARN_UNUSED_FUNCTION = YES;
				GCC_WARN_UNUSED_VARIABLE = YES;
				IPHONEOS_DEPLOYMENT_TARGET = 8.1;
				MTL_ENABLE_DEBUG_INFO = YES;
				ONLY_ACTIVE_ARCH = YES;
				SDKROOT = iphoneos;
				SWIFT_OPTIMIZATION_LEVEL = "-Onone";
			};
			name = Debug;
		};
		3F642FED1C18D41A004A7C8D /* Release */ = {
			isa = XCBuildConfiguration;
			buildSettings = {
				ALWAYS_SEARCH_USER_PATHS = NO;
				CLANG_CXX_LANGUAGE_STANDARD = "gnu++0x";
				CLANG_CXX_LIBRARY = "libc++";
				CLANG_ENABLE_MODULES = YES;
				CLANG_ENABLE_OBJC_ARC = YES;
				CLANG_WARN_BOOL_CONVERSION = YES;
				CLANG_WARN_CONSTANT_CONVERSION = YES;
				CLANG_WARN_DIRECT_OBJC_ISA_USAGE = YES_ERROR;
				CLANG_WARN_EMPTY_BODY = YES;
				CLANG_WARN_ENUM_CONVERSION = YES;
				CLANG_WARN_INT_CONVERSION = YES;
				CLANG_WARN_OBJC_ROOT_CLASS = YES_ERROR;
				CLANG_WARN_UNREACHABLE_CODE = YES;
				CLANG_WARN__DUPLICATE_METHOD_MATCH = YES;
				"CODE_SIGN_IDENTITY[sdk=iphoneos*]" = "iPhone Developer";
				COPY_PHASE_STRIP = YES;
				ENABLE_NS_ASSERTIONS = NO;
				ENABLE_STRICT_OBJC_MSGSEND = YES;
				GCC_C_LANGUAGE_STANDARD = gnu99;
				GCC_WARN_64_TO_32_BIT_CONVERSION = YES;
				GCC_WARN_ABOUT_RETURN_TYPE = YES_ERROR;
				GCC_WARN_UNDECLARED_SELECTOR = YES;
				GCC_WARN_UNINITIALIZED_AUTOS = YES_AGGRESSIVE;
				GCC_WARN_UNUSED_FUNCTION = YES;
				GCC_WARN_UNUSED_VARIABLE = YES;
				IPHONEOS_DEPLOYMENT_TARGET = 8.1;
				MTL_ENABLE_DEBUG_INFO = NO;
				SDKROOT = iphoneos;
				VALIDATE_PRODUCT = YES;
			};
			name = Release;
		};
		3F642FEF1C18D41A004A7C8D /* Debug */ = {
			isa = XCBuildConfiguration;
			buildSettings = {
				ASSETCATALOG_COMPILER_APPICON_NAME = AppIcon;
				INFOPLIST_FILE = "marpu-d2/Info.plist";
				LD_RUNPATH_SEARCH_PATHS = "$(inherited) @executable_path/Frameworks";
				PRODUCT_NAME = "$(TARGET_NAME)";
			};
			name = Debug;
		};
		3F642FF01C18D41A004A7C8D /* Release */ = {
			isa = XCBuildConfiguration;
			buildSettings = {
				ASSETCATALOG_COMPILER_APPICON_NAME = AppIcon;
				INFOPLIST_FILE = "marpu-d2/Info.plist";
				LD_RUNPATH_SEARCH_PATHS = "$(inherited) @executable_path/Frameworks";
				PRODUCT_NAME = "$(TARGET_NAME)";
			};
			name = Release;
		};
		3F642FF21C18D41A004A7C8D /* Debug */ = {
			isa = XCBuildConfiguration;
			buildSettings = {
				BUNDLE_LOADER = "$(TEST_HOST)";
				FRAMEWORK_SEARCH_PATHS = (
					"$(SDKROOT)/Developer/Library/Frameworks",
					"$(inherited)",
				);
				GCC_PREPROCESSOR_DEFINITIONS = (
					"DEBUG=1",
					"$(inherited)",
				);
				INFOPLIST_FILE = "marpu-d2Tests/Info.plist";
				LD_RUNPATH_SEARCH_PATHS = "$(inherited) @executable_path/Frameworks @loader_path/Frameworks";
				PRODUCT_NAME = "$(TARGET_NAME)";
				TEST_HOST = "$(BUILT_PRODUCTS_DIR)/marpu-d2.app/marpu-d2";
			};
			name = Debug;
		};
		3F642FF31C18D41A004A7C8D /* Release */ = {
			isa = XCBuildConfiguration;
			buildSettings = {
				BUNDLE_LOADER = "$(TEST_HOST)";
				FRAMEWORK_SEARCH_PATHS = (
					"$(SDKROOT)/Developer/Library/Frameworks",
					"$(inherited)",
				);
				INFOPLIST_FILE = "marpu-d2Tests/Info.plist";
				LD_RUNPATH_SEARCH_PATHS = "$(inherited) @executable_path/Frameworks @loader_path/Frameworks";
				PRODUCT_NAME = "$(TARGET_NAME)";
				TEST_HOST = "$(BUILT_PRODUCTS_DIR)/marpu-d2.app/marpu-d2";
			};
			name = Release;
		};
/* End XCBuildConfiguration section */

/* Begin XCConfigurationList section */
		3F642FCA1C18D41A004A7C8D /* Build configuration list for PBXProject "marpu-d2" */ = {
			isa = XCConfigurationList;
			buildConfigurations = (
				3F642FEC1C18D41A004A7C8D /* Debug */,
				3F642FED1C18D41A004A7C8D /* Release */,
			);
			defaultConfigurationIsVisible = 0;
			defaultConfigurationName = Release;
		};
		3F642FEE1C18D41A004A7C8D /* Build configuration list for PBXNativeTarget "marpu-d2" */ = {
			isa = XCConfigurationList;
			buildConfigurations = (
				3F642FEF1C18D41A004A7C8D /* Debug */,
				3F642FF01C18D41A004A7C8D /* Release */,
			);
			defaultConfigurationIsVisible = 0;
		};
		3F642FF11C18D41A004A7C8D /* Build configuration list for PBXNativeTarget "marpu-d2Tests" */ = {
			isa = XCConfigurationList;
			buildConfigurations = (
				3F642FF21C18D41A004A7C8D /* Debug */,
				3F642FF31C18D41A004A7C8D /* Release */,
			);
			defaultConfigurationIsVisible = 0;
		};
/* End XCConfigurationList section */
	};
	rootObject = 3F642FC71C18D41A004A7C8D /* Project object */;
}
